
Microsoft Visual Studio Solution File, Format Version 12.00
# Visual Studio 14
VisualStudioVersion = 14.0.25420.1
MinimumVisualStudioVersion = 10.0.40219.1
Project("{FAE04EC0-301F-11D3-BF4B-00C04F79EFBC}") = "MonkeyHubApp", "MonkeyHubApp\MonkeyHubApp\MonkeyHubApp.csproj", "{34E11EEA-98D9-4CAF-A54F-0AAFE4D76120}"
EndProject
Project("{FAE04EC0-301F-11D3-BF4B-00C04F79EFBC}") = "MonkeyHubApp.Droid", "MonkeyHubApp\MonkeyHubApp.Droid\MonkeyHubApp.Droid.csproj", "{8520DDE9-3457-422E-81C7-D2D5055FFBF7}"
EndProject
Project("{FAE04EC0-301F-11D3-BF4B-00C04F79EFBC}") = "MonkeyHubApp.iOS", "MonkeyHubApp\MonkeyHubApp.iOS\MonkeyHubApp.iOS.csproj", "{D7B62796-2D5E-462E-90F4-B8936734CD3E}"
EndProject
Project("{FAE04EC0-301F-11D3-BF4B-00C04F79EFBC}") = "MonkeyHubApp.UWP", "MonkeyHubApp\MonkeyHubApp.UWP\MonkeyHubApp.UWP.csproj", "{54037921-916A-4BA8-8F83-AE743D43F541}"
EndProject
Global
	GlobalSection(SolutionConfigurationPlatforms) = preSolution
		Ad-Hoc|Any CPU = Ad-Hoc|Any CPU
		Ad-Hoc|ARM = Ad-Hoc|ARM
		Ad-Hoc|iPhone = Ad-Hoc|iPhone
		Ad-Hoc|iPhoneSimulator = Ad-Hoc|iPhoneSimulator
		Ad-Hoc|x64 = Ad-Hoc|x64
		Ad-Hoc|x86 = Ad-Hoc|x86
		AppStore|Any CPU = AppStore|Any CPU
		AppStore|ARM = AppStore|ARM
		AppStore|iPhone = AppStore|iPhone
		AppStore|iPhoneSimulator = AppStore|iPhoneSimulator
		AppStore|x64 = AppStore|x64
		AppStore|x86 = AppStore|x86
		Debug|Any CPU = Debug|Any CPU
		Debug|ARM = Debug|ARM
		Debug|iPhone = Debug|iPhone
		Debug|iPhoneSimulator = Debug|iPhoneSimulator
		Debug|x64 = Debug|x64
		Debug|x86 = Debug|x86
		Release|Any CPU = Release|Any CPU
		Release|ARM = Release|ARM
		Release|iPhone = Release|iPhone
		Release|iPhoneSimulator = Release|iPhoneSimulator
		Release|x64 = Release|x64
		Release|x86 = Release|x86
	EndGlobalSection
	GlobalSection(ProjectConfigurationPlatforms) = postSolution
		{34E11EEA-98D9-4CAF-A54F-0AAFE4D76120}.Ad-Hoc|Any CPU.ActiveCfg = Release|Any CPU
		{34E11EEA-98D9-4CAF-A54F-0AAFE4D76120}.Ad-Hoc|Any CPU.Build.0 = Release|Any CPU
		{34E11EEA-98D9-4CAF-A54F-0AAFE4D76120}.Ad-Hoc|ARM.ActiveCfg = Release|Any CPU
		{34E11EEA-98D9-4CAF-A54F-0AAFE4D76120}.Ad-Hoc|ARM.Build.0 = Release|Any CPU
		{34E11EEA-98D9-4CAF-A54F-0AAFE4D76120}.Ad-Hoc|iPhone.ActiveCfg = Release|Any CPU
		{34E11EEA-98D9-4CAF-A54F-0AAFE4D76120}.Ad-Hoc|iPhone.Build.0 = Release|Any CPU
		{34E11EEA-98D9-4CAF-A54F-0AAFE4D76120}.Ad-Hoc|iPhoneSimulator.ActiveCfg = Release|Any CPU
		{34E11EEA-98D9-4CAF-A54F-0AAFE4D76120}.Ad-Hoc|iPhoneSimulator.Build.0 = Release|Any CPU
		{34E11EEA-98D9-4CAF-A54F-0AAFE4D76120}.Ad-Hoc|x64.ActiveCfg = Release|Any CPU
		{34E11EEA-98D9-4CAF-A54F-0AAFE4D76120}.Ad-Hoc|x64.Build.0 = Release|Any CPU
		{34E11EEA-98D9-4CAF-A54F-0AAFE4D76120}.Ad-Hoc|x86.ActiveCfg = Release|Any CPU
		{34E11EEA-98D9-4CAF-A54F-0AAFE4D76120}.Ad-Hoc|x86.Build.0 = Release|Any CPU
		{34E11EEA-98D9-4CAF-A54F-0AAFE4D76120}.AppStore|Any CPU.ActiveCfg = Release|Any CPU
		{34E11EEA-98D9-4CAF-A54F-0AAFE4D76120}.AppStore|Any CPU.Build.0 = Release|Any CPU
		{34E11EEA-98D9-4CAF-A54F-0AAFE4D76120}.AppStore|ARM.ActiveCfg = Release|Any CPU
		{34E11EEA-98D9-4CAF-A54F-0AAFE4D76120}.AppStore|ARM.Build.0 = Release|Any CPU
		{34E11EEA-98D9-4CAF-A54F-0AAFE4D76120}.AppStore|iPhone.ActiveCfg = Release|Any CPU
		{34E11EEA-98D9-4CAF-A54F-0AAFE4D76120}.AppStore|iPhone.Build.0 = Release|Any CPU
		{34E11EEA-98D9-4CAF-A54F-0AAFE4D76120}.AppStore|iPhoneSimulator.ActiveCfg = Release|Any CPU
		{34E11EEA-98D9-4CAF-A54F-0AAFE4D76120}.AppStore|iPhoneSimulator.Build.0 = Release|Any CPU
		{34E11EEA-98D9-4CAF-A54F-0AAFE4D76120}.AppStore|x64.ActiveCfg = Release|Any CPU
		{34E11EEA-98D9-4CAF-A54F-0AAFE4D76120}.AppStore|x64.Build.0 = Release|Any CPU
		{34E11EEA-98D9-4CAF-A54F-0AAFE4D76120}.AppStore|x86.ActiveCfg = Release|Any CPU
		{34E11EEA-98D9-4CAF-A54F-0AAFE4D76120}.AppStore|x86.Build.0 = Release|Any CPU
		{34E11EEA-98D9-4CAF-A54F-0AAFE4D76120}.Debug|Any CPU.ActiveCfg = Debug|Any CPU
		{34E11EEA-98D9-4CAF-A54F-0AAFE4D76120}.Debug|Any CPU.Build.0 = Debug|Any CPU
		{34E11EEA-98D9-4CAF-A54F-0AAFE4D76120}.Debug|ARM.ActiveCfg = Debug|Any CPU
		{34E11EEA-98D9-4CAF-A54F-0AAFE4D76120}.Debug|ARM.Build.0 = Debug|Any CPU
		{34E11EEA-98D9-4CAF-A54F-0AAFE4D76120}.Debug|iPhone.ActiveCfg = Debug|Any CPU
		{34E11EEA-98D9-4CAF-A54F-0AAFE4D76120}.Debug|iPhone.Build.0 = Debug|Any CPU
		{34E11EEA-98D9-4CAF-A54F-0AAFE4D76120}.Debug|iPhoneSimulator.ActiveCfg = Debug|Any CPU
		{34E11EEA-98D9-4CAF-A54F-0AAFE4D76120}.Debug|iPhoneSimulator.Build.0 = Debug|Any CPU
		{34E11EEA-98D9-4CAF-A54F-0AAFE4D76120}.Debug|x64.ActiveCfg = Debug|Any CPU
		{34E11EEA-98D9-4CAF-A54F-0AAFE4D76120}.Debug|x64.Build.0 = Debug|Any CPU
		{34E11EEA-98D9-4CAF-A54F-0AAFE4D76120}.Debug|x86.ActiveCfg = Debug|Any CPU
		{34E11EEA-98D9-4CAF-A54F-0AAFE4D76120}.Debug|x86.Build.0 = Debug|Any CPU
		{34E11EEA-98D9-4CAF-A54F-0AAFE4D76120}.Release|Any CPU.ActiveCfg = Release|Any CPU
		{34E11EEA-98D9-4CAF-A54F-0AAFE4D76120}.Release|Any CPU.Build.0 = Release|Any CPU
		{34E11EEA-98D9-4CAF-A54F-0AAFE4D76120}.Release|ARM.ActiveCfg = Release|Any CPU
		{34E11EEA-98D9-4CAF-A54F-0AAFE4D76120}.Release|ARM.Build.0 = Release|Any CPU
		{34E11EEA-98D9-4CAF-A54F-0AAFE4D76120}.Release|iPhone.ActiveCfg = Release|Any CPU
		{34E11EEA-98D9-4CAF-A54F-0AAFE4D76120}.Release|iPhone.Build.0 = Release|Any CPU
		{34E11EEA-98D9-4CAF-A54F-0AAFE4D76120}.Release|iPhoneSimulator.ActiveCfg = Release|Any CPU
		{34E11EEA-98D9-4CAF-A54F-0AAFE4D76120}.Release|iPhoneSimulator.Build.0 = Release|Any CPU
		{34E11EEA-98D9-4CAF-A54F-0AAFE4D76120}.Release|x64.ActiveCfg = Release|Any CPU
		{34E11EEA-98D9-4CAF-A54F-0AAFE4D76120}.Release|x64.Build.0 = Release|Any CPU
		{34E11EEA-98D9-4CAF-A54F-0AAFE4D76120}.Release|x86.ActiveCfg = Release|Any CPU
		{34E11EEA-98D9-4CAF-A54F-0AAFE4D76120}.Release|x86.Build.0 = Release|Any CPU
		{8520DDE9-3457-422E-81C7-D2D5055FFBF7}.Ad-Hoc|Any CPU.ActiveCfg = Release|Any CPU
		{8520DDE9-3457-422E-81C7-D2D5055FFBF7}.Ad-Hoc|Any CPU.Build.0 = Release|Any CPU
		{8520DDE9-3457-422E-81C7-D2D5055FFBF7}.Ad-Hoc|Any CPU.Deploy.0 = Release|Any CPU
		{8520DDE9-3457-422E-81C7-D2D5055FFBF7}.Ad-Hoc|ARM.ActiveCfg = Release|Any CPU
		{8520DDE9-3457-422E-81C7-D2D5055FFBF7}.Ad-Hoc|ARM.Build.0 = Release|Any CPU
		{8520DDE9-3457-422E-81C7-D2D5055FFBF7}.Ad-Hoc|ARM.Deploy.0 = Release|Any CPU
		{8520DDE9-3457-422E-81C7-D2D5055FFBF7}.Ad-Hoc|iPhone.ActiveCfg = Release|Any CPU
		{8520DDE9-3457-422E-81C7-D2D5055FFBF7}.Ad-Hoc|iPhone.Build.0 = Release|Any CPU
		{8520DDE9-3457-422E-81C7-D2D5055FFBF7}.Ad-Hoc|iPhone.Deploy.0 = Release|Any CPU
		{8520DDE9-3457-422E-81C7-D2D5055FFBF7}.Ad-Hoc|iPhoneSimulator.ActiveCfg = Release|Any CPU
		{8520DDE9-3457-422E-81C7-D2D5055FFBF7}.Ad-Hoc|iPhoneSimulator.Build.0 = Release|Any CPU
		{8520DDE9-3457-422E-81C7-D2D5055FFBF7}.Ad-Hoc|iPhoneSimulator.Deploy.0 = Release|Any CPU
		{8520DDE9-3457-422E-81C7-D2D5055FFBF7}.Ad-Hoc|x64.ActiveCfg = Release|Any CPU
		{8520DDE9-3457-422E-81C7-D2D5055FFBF7}.Ad-Hoc|x64.Build.0 = Release|Any CPU
		{8520DDE9-3457-422E-81C7-D2D5055FFBF7}.Ad-Hoc|x64.Deploy.0 = Release|Any CPU
		{8520DDE9-3457-422E-81C7-D2D5055FFBF7}.Ad-Hoc|x86.ActiveCfg = Release|Any CPU
		{8520DDE9-3457-422E-81C7-D2D5055FFBF7}.Ad-Hoc|x86.Build.0 = Release|Any CPU
		{8520DDE9-3457-422E-81C7-D2D5055FFBF7}.Ad-Hoc|x86.Deploy.0 = Release|Any CPU
		{8520DDE9-3457-422E-81C7-D2D5055FFBF7}.AppStore|Any CPU.ActiveCfg = Release|Any CPU
		{8520DDE9-3457-422E-81C7-D2D5055FFBF7}.AppStore|Any CPU.Build.0 = Release|Any CPU
		{8520DDE9-3457-422E-81C7-D2D5055FFBF7}.AppStore|Any CPU.Deploy.0 = Release|Any CPU
		{8520DDE9-3457-422E-81C7-D2D5055FFBF7}.AppStore|ARM.ActiveCfg = Release|Any CPU
		{8520DDE9-3457-422E-81C7-D2D5055FFBF7}.AppStore|ARM.Build.0 = Release|Any CPU
		{8520DDE9-3457-422E-81C7-D2D5055FFBF7}.AppStore|ARM.Deploy.0 = Release|Any CPU
		{8520DDE9-3457-422E-81C7-D2D5055FFBF7}.AppStore|iPhone.ActiveCfg = Release|Any CPU
		{8520DDE9-3457-422E-81C7-D2D5055FFBF7}.AppStore|iPhone.Build.0 = Release|Any CPU
		{8520DDE9-3457-422E-81C7-D2D5055FFBF7}.AppStore|iPhone.Deploy.0 = Release|Any CPU
		{8520DDE9-3457-422E-81C7-D2D5055FFBF7}.AppStore|iPhoneSimulator.ActiveCfg = Release|Any CPU
		{8520DDE9-3457-422E-81C7-D2D5055FFBF7}.AppStore|iPhoneSimulator.Build.0 = Release|Any CPU
		{8520DDE9-3457-422E-81C7-D2D5055FFBF7}.AppStore|iPhoneSimulator.Deploy.0 = Release|Any CPU
		{8520DDE9-3457-422E-81C7-D2D5055FFBF7}.AppStore|x64.ActiveCfg = Release|Any CPU
		{8520DDE9-3457-422E-81C7-D2D5055FFBF7}.AppStore|x64.Build.0 = Release|Any CPU
		{8520DDE9-3457-422E-81C7-D2D5055FFBF7}.AppStore|x64.Deploy.0 = Release|Any CPU
		{8520DDE9-3457-422E-81C7-D2D5055FFBF7}.AppStore|x86.ActiveCfg = Release|Any CPU
		{8520DDE9-3457-422E-81C7-D2D5055FFBF7}.AppStore|x86.Build.0 = Release|Any CPU
		{8520DDE9-3457-422E-81C7-D2D5055FFBF7}.AppStore|x86.Deploy.0 = Release|Any CPU
		{8520DDE9-3457-422E-81C7-D2D5055FFBF7}.Debug|Any CPU.ActiveCfg = Debug|Any CPU
		{8520DDE9-3457-422E-81C7-D2D5055FFBF7}.Debug|Any CPU.Build.0 = Debug|Any CPU
		{8520DDE9-3457-422E-81C7-D2D5055FFBF7}.Debug|Any CPU.Deploy.0 = Debug|Any CPU
		{8520DDE9-3457-422E-81C7-D2D5055FFBF7}.Debug|ARM.ActiveCfg = Debug|Any CPU
		{8520DDE9-3457-422E-81C7-D2D5055FFBF7}.Debug|ARM.Build.0 = Debug|Any CPU
		{8520DDE9-3457-422E-81C7-D2D5055FFBF7}.Debug|ARM.Deploy.0 = Debug|Any CPU
		{8520DDE9-3457-422E-81C7-D2D5055FFBF7}.Debug|iPhone.ActiveCfg = Debug|Any CPU
		{8520DDE9-3457-422E-81C7-D2D5055FFBF7}.Debug|iPhone.Build.0 = Debug|Any CPU
		{8520DDE9-3457-422E-81C7-D2D5055FFBF7}.Debug|iPhone.Deploy.0 = Debug|Any CPU
		{8520DDE9-3457-422E-81C7-D2D5055FFBF7}.Debug|iPhoneSimulator.ActiveCfg = Debug|Any CPU
		{8520DDE9-3457-422E-81C7-D2D5055FFBF7}.Debug|iPhoneSimulator.Build.0 = Debug|Any CPU
		{8520DDE9-3457-422E-81C7-D2D5055FFBF7}.Debug|iPhoneSimulator.Deploy.0 = Debug|Any CPU
		{8520DDE9-3457-422E-81C7-D2D5055FFBF7}.Debug|x64.ActiveCfg = Debug|Any CPU
		{8520DDE9-3457-422E-81C7-D2D5055FFBF7}.Debug|x64.Build.0 = Debug|Any CPU
		{8520DDE9-3457-422E-81C7-D2D5055FFBF7}.Debug|x64.Deploy.0 = Debug|Any CPU
		{8520DDE9-3457-422E-81C7-D2D5055FFBF7}.Debug|x86.ActiveCfg = Debug|Any CPU
		{8520DDE9-3457-422E-81C7-D2D5055FFBF7}.Debug|x86.Build.0 = Debug|Any CPU
		{8520DDE9-3457-422E-81C7-D2D5055FFBF7}.Debug|x86.Deploy.0 = Debug|Any CPU
		{8520DDE9-3457-422E-81C7-D2D5055FFBF7}.Release|Any CPU.ActiveCfg = Release|Any CPU
		{8520DDE9-3457-422E-81C7-D2D5055FFBF7}.Release|Any CPU.Build.0 = Release|Any CPU
		{8520DDE9-3457-422E-81C7-D2D5055FFBF7}.Release|Any CPU.Deploy.0 = Release|Any CPU
		{8520DDE9-3457-422E-81C7-D2D5055FFBF7}.Release|ARM.ActiveCfg = Release|Any CPU
		{8520DDE9-3457-422E-81C7-D2D5055FFBF7}.Release|ARM.Build.0 = Release|Any CPU
		{8520DDE9-3457-422E-81C7-D2D5055FFBF7}.Release|ARM.Deploy.0 = Release|Any CPU
		{8520DDE9-3457-422E-81C7-D2D5055FFBF7}.Release|iPhone.ActiveCfg = Release|Any CPU
		{8520DDE9-3457-422E-81C7-D2D5055FFBF7}.Release|iPhone.Build.0 = Release|Any CPU
		{8520DDE9-3457-422E-81C7-D2D5055FFBF7}.Release|iPhone.Deploy.0 = Release|Any CPU
		{8520DDE9-3457-422E-81C7-D2D5055FFBF7}.Release|iPhoneSimulator.ActiveCfg = Release|Any CPU
		{8520DDE9-3457-422E-81C7-D2D5055FFBF7}.Release|iPhoneSimulator.Build.0 = Release|Any CPU
		{8520DDE9-3457-422E-81C7-D2D5055FFBF7}.Release|iPhoneSimulator.Deploy.0 = Release|Any CPU
		{8520DDE9-3457-422E-81C7-D2D5055FFBF7}.Release|x64.ActiveCfg = Release|Any CPU
		{8520DDE9-3457-422E-81C7-D2D5055FFBF7}.Release|x64.Build.0 = Release|Any CPU
		{8520DDE9-3457-422E-81C7-D2D5055FFBF7}.Release|x64.Deploy.0 = Release|Any CPU
		{8520DDE9-3457-422E-81C7-D2D5055FFBF7}.Release|x86.ActiveCfg = Release|Any CPU
		{8520DDE9-3457-422E-81C7-D2D5055FFBF7}.Release|x86.Build.0 = Release|Any CPU
		{8520DDE9-3457-422E-81C7-D2D5055FFBF7}.Release|x86.Deploy.0 = Release|Any CPU
		{D7B62796-2D5E-462E-90F4-B8936734CD3E}.Ad-Hoc|Any CPU.ActiveCfg = Ad-Hoc|iPhone
		{D7B62796-2D5E-462E-90F4-B8936734CD3E}.Ad-Hoc|ARM.ActiveCfg = Ad-Hoc|iPhone
		{D7B62796-2D5E-462E-90F4-B8936734CD3E}.Ad-Hoc|iPhone.ActiveCfg = Ad-Hoc|iPhone
		{D7B62796-2D5E-462E-90F4-B8936734CD3E}.Ad-Hoc|iPhone.Build.0 = Ad-Hoc|iPhone
		{D7B62796-2D5E-462E-90F4-B8936734CD3E}.Ad-Hoc|iPhoneSimulator.ActiveCfg = Ad-Hoc|iPhoneSimulator
		{D7B62796-2D5E-462E-90F4-B8936734CD3E}.Ad-Hoc|iPhoneSimulator.Build.0 = Ad-Hoc|iPhoneSimulator
		{D7B62796-2D5E-462E-90F4-B8936734CD3E}.Ad-Hoc|x64.ActiveCfg = Ad-Hoc|iPhone
		{D7B62796-2D5E-462E-90F4-B8936734CD3E}.Ad-Hoc|x86.ActiveCfg = Ad-Hoc|iPhone
		{D7B62796-2D5E-462E-90F4-B8936734CD3E}.AppStore|Any CPU.ActiveCfg = AppStore|iPhone
		{D7B62796-2D5E-462E-90F4-B8936734CD3E}.AppStore|ARM.ActiveCfg = AppStore|iPhone
		{D7B62796-2D5E-462E-90F4-B8936734CD3E}.AppStore|iPhone.ActiveCfg = AppStore|iPhone
		{D7B62796-2D5E-462E-90F4-B8936734CD3E}.AppStore|iPhone.Build.0 = AppStore|iPhone
		{D7B62796-2D5E-462E-90F4-B8936734CD3E}.AppStore|iPhoneSimulator.ActiveCfg = AppStore|iPhoneSimulator
		{D7B62796-2D5E-462E-90F4-B8936734CD3E}.AppStore|iPhoneSimulator.Build.0 = AppStore|iPhoneSimulator
		{D7B62796-2D5E-462E-90F4-B8936734CD3E}.AppStore|x64.ActiveCfg = AppStore|iPhone
		{D7B62796-2D5E-462E-90F4-B8936734CD3E}.AppStore|x86.ActiveCfg = AppStore|iPhone
		{D7B62796-2D5E-462E-90F4-B8936734CD3E}.Debug|Any CPU.ActiveCfg = Debug|iPhone
		{D7B62796-2D5E-462E-90F4-B8936734CD3E}.Debug|ARM.ActiveCfg = Debug|iPhone
		{D7B62796-2D5E-462E-90F4-B8936734CD3E}.Debug|iPhone.ActiveCfg = Debug|iPhone
		{D7B62796-2D5E-462E-90F4-B8936734CD3E}.Debug|iPhone.Build.0 = Debug|iPhone
		{D7B62796-2D5E-462E-90F4-B8936734CD3E}.Debug|iPhoneSimulator.ActiveCfg = Debug|iPhoneSimulator
		{D7B62796-2D5E-462E-90F4-B8936734CD3E}.Debug|iPhoneSimulator.Build.0 = Debug|iPhoneSimulator
		{D7B62796-2D5E-462E-90F4-B8936734CD3E}.Debug|x64.ActiveCfg = Debug|iPhone
		{D7B62796-2D5E-462E-90F4-B8936734CD3E}.Debug|x86.ActiveCfg = Debug|iPhone
		{D7B62796-2D5E-462E-90F4-B8936734CD3E}.Release|Any CPU.ActiveCfg = Release|iPhone
		{D7B62796-2D5E-462E-90F4-B8936734CD3E}.Release|ARM.ActiveCfg = Release|iPhone
		{D7B62796-2D5E-462E-90F4-B8936734CD3E}.Release|iPhone.ActiveCfg = Release|iPhone
		{D7B62796-2D5E-462E-90F4-B8936734CD3E}.Release|iPhone.Build.0 = Release|iPhone
		{D7B62796-2D5E-462E-90F4-B8936734CD3E}.Release|iPhoneSimulator.ActiveCfg = Release|iPhoneSimulator
		{D7B62796-2D5E-462E-90F4-B8936734CD3E}.Release|iPhoneSimulator.Build.0 = Release|iPhoneSimulator
		{D7B62796-2D5E-462E-90F4-B8936734CD3E}.Release|x64.ActiveCfg = Release|iPhone
		{D7B62796-2D5E-462E-90F4-B8936734CD3E}.Release|x86.ActiveCfg = Release|iPhone
		{54037921-916A-4BA8-8F83-AE743D43F541}.Ad-Hoc|Any CPU.ActiveCfg = Release|x86
		{54037921-916A-4BA8-8F83-AE743D43F541}.Ad-Hoc|Any CPU.Build.0 = Release|x86
		{54037921-916A-4BA8-8F83-AE743D43F541}.Ad-Hoc|Any CPU.Deploy.0 = Release|x86
		{54037921-916A-4BA8-8F83-AE743D43F541}.Ad-Hoc|ARM.ActiveCfg = Release|ARM
		{54037921-916A-4BA8-8F83-AE743D43F541}.Ad-Hoc|ARM.Build.0 = Release|ARM
		{54037921-916A-4BA8-8F83-AE743D43F541}.Ad-Hoc|ARM.Deploy.0 = Release|ARM
		{54037921-916A-4BA8-8F83-AE743D43F541}.Ad-Hoc|iPhone.ActiveCfg = Release|x86
		{54037921-916A-4BA8-8F83-AE743D43F541}.Ad-Hoc|iPhone.Build.0 = Release|x86
		{54037921-916A-4BA8-8F83-AE743D43F541}.Ad-Hoc|iPhone.Deploy.0 = Release|x86
		{54037921-916A-4BA8-8F83-AE743D43F541}.Ad-Hoc|iPhoneSimulator.ActiveCfg = Release|x86
		{54037921-916A-4BA8-8F83-AE743D43F541}.Ad-Hoc|iPhoneSimulator.Build.0 = Release|x86
		{54037921-916A-4BA8-8F83-AE743D43F541}.Ad-Hoc|iPhoneSimulator.Deploy.0 = Release|x86
		{54037921-916A-4BA8-8F83-AE743D43F541}.Ad-Hoc|x64.ActiveCfg = Release|x64
		{54037921-916A-4BA8-8F83-AE743D43F541}.Ad-Hoc|x64.Build.0 = Release|x64
		{54037921-916A-4BA8-8F83-AE743D43F541}.Ad-Hoc|x64.Deploy.0 = Release|x64
		{54037921-916A-4BA8-8F83-AE743D43F541}.Ad-Hoc|x86.ActiveCfg = Release|x86
		{54037921-916A-4BA8-8F83-AE743D43F541}.Ad-Hoc|x86.Build.0 = Release|x86
		{54037921-916A-4BA8-8F83-AE743D43F541}.Ad-Hoc|x86.Deploy.0 = Release|x86
		{54037921-916A-4BA8-8F83-AE743D43F541}.AppStore|Any CPU.ActiveCfg = Release|x86
		{54037921-916A-4BA8-8F83-AE743D43F541}.AppStore|Any CPU.Build.0 = Release|x86
		{54037921-916A-4BA8-8F83-AE743D43F541}.AppStore|Any CPU.Deploy.0 = Release|x86
		{54037921-916A-4BA8-8F83-AE743D43F541}.AppStore|ARM.ActiveCfg = Release|ARM
		{54037921-916A-4BA8-8F83-AE743D43F541}.AppStore|ARM.Build.0 = Release|ARM
		{54037921-916A-4BA8-8F83-AE743D43F541}.AppStore|ARM.Deploy.0 = Release|ARM
		{54037921-916A-4BA8-8F83-AE743D43F541}.AppStore|iPhone.ActiveCfg = Release|x86
		{54037921-916A-4BA8-8F83-AE743D43F541}.AppStore|iPhone.Build.0 = Release|x86
		{54037921-916A-4BA8-8F83-AE743D43F541}.AppStore|iPhone.Deploy.0 = Release|x86
		{54037921-916A-4BA8-8F83-AE743D43F541}.AppStore|iPhoneSimulator.ActiveCfg = Release|x86
		{54037921-916A-4BA8-8F83-AE743D43F541}.AppStore|iPhoneSimulator.Build.0 = Release|x86
		{54037921-916A-4BA8-8F83-AE743D43F541}.AppStore|iPhoneSimulator.Deploy.0 = Release|x86
		{54037921-916A-4BA8-8F83-AE743D43F541}.AppStore|x64.ActiveCfg = Release|x64
		{54037921-916A-4BA8-8F83-AE743D43F541}.AppStore|x64.Build.0 = Release|x64
		{54037921-916A-4BA8-8F83-AE743D43F541}.AppStore|x64.Deploy.0 = Release|x64
		{54037921-916A-4BA8-8F83-AE743D43F541}.AppStore|x86.ActiveCfg = Release|x86
		{54037921-916A-4BA8-8F83-AE743D43F541}.AppStore|x86.Build.0 = Release|x86
		{54037921-916A-4BA8-8F83-AE743D43F541}.AppStore|x86.Deploy.0 = Release|x86
		{54037921-916A-4BA8-8F83-AE743D43F541}.Debug|Any CPU.ActiveCfg = Debug|x86
		{54037921-916A-4BA8-8F83-AE743D43F541}.Debug|ARM.ActiveCfg = Debug|ARM
		{54037921-916A-4BA8-8F83-AE743D43F541}.Debug|ARM.Build.0 = Debug|ARM
		{54037921-916A-4BA8-8F83-AE743D43F541}.Debug|ARM.Deploy.0 = Debug|ARM
		{54037921-916A-4BA8-8F83-AE743D43F541}.Debug|iPhone.ActiveCfg = Debug|x86
		{54037921-916A-4BA8-8F83-AE743D43F541}.Debug|iPhoneSimulator.ActiveCfg = Debug|x86
		{54037921-916A-4BA8-8F83-AE743D43F541}.Debug|x64.ActiveCfg = Debug|x64
		{54037921-916A-4BA8-8F83-AE743D43F541}.Debug|x64.Build.0 = Debug|x64
		{54037921-916A-4BA8-8F83-AE743D43F541}.Debug|x64.Deploy.0 = Debug|x64
		{54037921-916A-4BA8-8F83-AE743D43F541}.Debug|x86.ActiveCfg = Debug|x86
		{54037921-916A-4BA8-8F83-AE743D43F541}.Debug|x86.Build.0 = Debug|x86
		{54037921-916A-4BA8-8F83-AE743D43F541}.Debug|x86.Deploy.0 = Debug|x86
		{54037921-916A-4BA8-8F83-AE743D43F541}.Release|Any CPU.ActiveCfg = Release|x86
		{54037921-916A-4BA8-8F83-AE743D43F541}.Release|ARM.ActiveCfg = Release|ARM
		{54037921-916A-4BA8-8F83-AE743D43F541}.Release|ARM.Build.0 = Release|ARM
		{54037921-916A-4BA8-8F83-AE743D43F541}.Release|ARM.Deploy.0 = Release|ARM
		{54037921-916A-4BA8-8F83-AE743D43F541}.Release|iPhone.ActiveCfg = Release|x86
		{54037921-916A-4BA8-8F83-AE743D43F541}.Release|iPhoneSimulator.ActiveCfg = Release|x86
		{54037921-916A-4BA8-8F83-AE743D43F541}.Release|x64.ActiveCfg = Release|x64
		{54037921-916A-4BA8-8F83-AE743D43F541}.Release|x64.Build.0 = Release|x64
		{54037921-916A-4BA8-8F83-AE743D43F541}.Release|x64.Deploy.0 = Release|x64
		{54037921-916A-4BA8-8F83-AE743D43F541}.Release|x86.ActiveCfg = Release|x86
		{54037921-916A-4BA8-8F83-AE743D43F541}.Release|x86.Build.0 = Release|x86
		{54037921-916A-4BA8-8F83-AE743D43F541}.Release|x86.Deploy.0 = Release|x86
	EndGlobalSection
	GlobalSection(SolutionProperties) = preSolution
		HideSolutionNode = FALSE
	EndGlobalSection
EndGlobal
